
Microsoft Visual Studio Solution File, Format Version 12.00
# Visual Studio Version 17
VisualStudioVersion = 17.3.32922.545
MinimumVisualStudioVersion = 10.0.40219.1
Project("{FAE04EC0-301F-11D3-BF4B-00C04F79EFBC}") = "Buoi2_bai2.2", "Buoi2_bai2.2\Buoi2_bai2.2.csproj", "{C783646A-EB69-4435-9843-526CDDAEE13C}"
EndProject
Global
	GlobalSection(SolutionConfigurationPlatforms) = preSolution
		Debug|Any CPU = Debug|Any CPU
		Release|Any CPU = Release|Any CPU
	EndGlobalSection
	GlobalSection(ProjectConfigurationPlatforms) = postSolution
		{C783646A-EB69-4435-9843-526CDDAEE13C}.Debug|Any CPU.ActiveCfg = Debug|Any CPU
		{C783646A-EB69-4435-9843-526CDDAEE13C}.Debug|Any CPU.Build.0 = Debug|Any CPU
		{C783646A-EB69-4435-9843-526CDDAEE13C}.Release|Any CPU.ActiveCfg = Release|Any CPU
		{C783646A-EB69-4435-9843-526CDDAEE13C}.Release|Any CPU.Build.0 = Release|Any CPU
	EndGlobalSection
	GlobalSection(SolutionProperties) = preSolution
		HideSolutionNode = FALSE
	EndGlobalSection
	GlobalSection(ExtensibilityGlobals) = postSolution
		SolutionGuid = {28E9B770-14BF-40F9-885D-554BE71A989B}
	EndGlobalSection
EndGlobal
