
Microsoft Visual Studio Solution File, Format Version 12.00
# Visual Studio Version 17
VisualStudioVersion = 17.1.32407.343
MinimumVisualStudioVersion = 10.0.40219.1
Project("{FAE04EC0-301F-11D3-BF4B-00C04F79EFBC}") = "Buoi3_Bai6", "Buoi3_Bai6\Buoi3_Bai6.csproj", "{78E40A34-AA61-4C99-83B6-321471EC6221}"
EndProject
Global
	GlobalSection(SolutionConfigurationPlatforms) = preSolution
		Debug|Any CPU = Debug|Any CPU
		Release|Any CPU = Release|Any CPU
	EndGlobalSection
	GlobalSection(ProjectConfigurationPlatforms) = postSolution
		{78E40A34-AA61-4C99-83B6-321471EC6221}.Debug|Any CPU.ActiveCfg = Debug|Any CPU
		{78E40A34-AA61-4C99-83B6-321471EC6221}.Debug|Any CPU.Build.0 = Debug|Any CPU
		{78E40A34-AA61-4C99-83B6-321471EC6221}.Release|Any CPU.ActiveCfg = Release|Any CPU
		{78E40A34-AA61-4C99-83B6-321471EC6221}.Release|Any CPU.Build.0 = Release|Any CPU
	EndGlobalSection
	GlobalSection(SolutionProperties) = preSolution
		HideSolutionNode = FALSE
	EndGlobalSection
	GlobalSection(ExtensibilityGlobals) = postSolution
		SolutionGuid = {1A4361D3-F874-4BAE-B78D-273717F13FF8}
	EndGlobalSection
EndGlobal
