
Microsoft Visual Studio Solution File, Format Version 12.00
# Visual Studio Version 17
VisualStudioVersion = 17.1.32407.343
MinimumVisualStudioVersion = 10.0.40219.1
Project("{FAE04EC0-301F-11D3-BF4B-00C04F79EFBC}") = "Buoi3_Bai8", "Buoi3_Bai8\Buoi3_Bai8.csproj", "{A24A58C8-2272-42E3-A25F-A2EEC73E0720}"
EndProject
Global
	GlobalSection(SolutionConfigurationPlatforms) = preSolution
		Debug|Any CPU = Debug|Any CPU
		Release|Any CPU = Release|Any CPU
	EndGlobalSection
	GlobalSection(ProjectConfigurationPlatforms) = postSolution
		{A24A58C8-2272-42E3-A25F-A2EEC73E0720}.Debug|Any CPU.ActiveCfg = Debug|Any CPU
		{A24A58C8-2272-42E3-A25F-A2EEC73E0720}.Debug|Any CPU.Build.0 = Debug|Any CPU
		{A24A58C8-2272-42E3-A25F-A2EEC73E0720}.Release|Any CPU.ActiveCfg = Release|Any CPU
		{A24A58C8-2272-42E3-A25F-A2EEC73E0720}.Release|Any CPU.Build.0 = Release|Any CPU
	EndGlobalSection
	GlobalSection(SolutionProperties) = preSolution
		HideSolutionNode = FALSE
	EndGlobalSection
	GlobalSection(ExtensibilityGlobals) = postSolution
		SolutionGuid = {56641C93-B5B2-4C3C-A658-922940BCFC72}
	EndGlobalSection
EndGlobal
